
Microsoft Visual Studio Solution File, Format Version 12.00
# Visual Studio Version 17
VisualStudioVersion = 17.14.36511.14 d17.14
MinimumVisualStudioVersion = 10.0.40219.1
Project("{FAE04EC0-301F-11D3-BF4B-00C04F79EFBC}") = "aspnet1", "aspnet1.csproj", "{6CC7D99A-5CFA-4F16-905D-9125C646AE77}"
EndProject
Global
	GlobalSection(SolutionConfigurationPlatforms) = preSolution
		Debug|Any CPU = Debug|Any CPU
		Release|Any CPU = Release|Any CPU
	EndGlobalSection
	GlobalSection(ProjectConfigurationPlatforms) = postSolution
		{6CC7D99A-5CFA-4F16-905D-9125C646AE77}.Debug|Any CPU.ActiveCfg = Debug|Any CPU
		{6CC7D99A-5CFA-4F16-905D-9125C646AE77}.Debug|Any CPU.Build.0 = Debug|Any CPU
		{6CC7D99A-5CFA-4F16-905D-9125C646AE77}.Release|Any CPU.ActiveCfg = Release|Any CPU
		{6CC7D99A-5CFA-4F16-905D-9125C646AE77}.Release|Any CPU.Build.0 = Release|Any CPU
	EndGlobalSection
	GlobalSection(SolutionProperties) = preSolution
		HideSolutionNode = FALSE
	EndGlobalSection
	GlobalSection(ExtensibilityGlobals) = postSolution
		SolutionGuid = {58E7A099-1689-451F-B777-3CB2AD5F987D}
	EndGlobalSection
EndGlobal
